
Microsoft Visual Studio Solution File, Format Version 12.00
# Visual Studio Version 17
VisualStudioVersion = 17.8.34330.188
MinimumVisualStudioVersion = 10.0.40219.1
Project("{FAE04EC0-301F-11D3-BF4B-00C04F79EFBC}") = "Cosmetics", "Cosmetics\Cosmetics.csproj", "{12400E3F-0EA8-4C4B-9DE3-4E5D8AFD3435}"
EndProject
Global
	GlobalSection(SolutionConfigurationPlatforms) = preSolution
		Debug|Any CPU = Debug|Any CPU
		Release|Any CPU = Release|Any CPU
	EndGlobalSection
	GlobalSection(ProjectConfigurationPlatforms) = postSolution
		{12400E3F-0EA8-4C4B-9DE3-4E5D8AFD3435}.Debug|Any CPU.ActiveCfg = Debug|Any CPU
		{12400E3F-0EA8-4C4B-9DE3-4E5D8AFD3435}.Debug|Any CPU.Build.0 = Debug|Any CPU
		{12400E3F-0EA8-4C4B-9DE3-4E5D8AFD3435}.Release|Any CPU.ActiveCfg = Release|Any CPU
		{12400E3F-0EA8-4C4B-9DE3-4E5D8AFD3435}.Release|Any CPU.Build.0 = Release|Any CPU
	EndGlobalSection
	GlobalSection(SolutionProperties) = preSolution
		HideSolutionNode = FALSE
	EndGlobalSection
	GlobalSection(ExtensibilityGlobals) = postSolution
		SolutionGuid = {A7C49E37-DFDE-4918-A715-E18F6C0F43DA}
	EndGlobalSection
EndGlobal
